
Microsoft Visual Studio Solution File, Format Version 12.00
# Visual Studio Version 17
VisualStudioVersion = 17.2.32616.157
MinimumVisualStudioVersion = 10.0.40219.1
Project("{FAE04EC0-301F-11D3-BF4B-00C04F79EFBC}") = "PFS.ProdCat.API", "WebProdCatApi\PFS.ProdCat.API.csproj", "{73BB284B-3B28-466E-9A8F-B6A81496CDB5}"
EndProject
Project("{FAE04EC0-301F-11D3-BF4B-00C04F79EFBC}") = "PFS.ProdCat.Model", "TestProdCatLib\PFS.ProdCat.Model.csproj", "{B9545B3A-CC0E-4607-9A07-5AE3DC3ABA23}"
EndProject
Project("{FAE04EC0-301F-11D3-BF4B-00C04F79EFBC}") = "PFS.ProdCat.App", "ProdCatApp\PFS.ProdCat.App.csproj", "{E83D6E8A-25F9-4E97-9B12-B1E27B299469}"
EndProject
Project("{FAE04EC0-301F-11D3-BF4B-00C04F79EFBC}") = "PFS.ProdCat.DataAccess", "PFS.ProdCat.DataAccess\PFS.ProdCat.DataAccess.csproj", "{B16508B3-5048-4E36-AF1C-0D8859461CB5}"
EndProject
Project("{FAE04EC0-301F-11D3-BF4B-00C04F79EFBC}") = "PFS.ProdCat.Repository", "PFS.ProdCat.Repository\PFS.ProdCat.Repository.csproj", "{75F0666F-8ADD-4F36-BFB8-1A531C81C141}"
EndProject
Global
	GlobalSection(SolutionConfigurationPlatforms) = preSolution
		Debug|Any CPU = Debug|Any CPU
		Release|Any CPU = Release|Any CPU
	EndGlobalSection
	GlobalSection(ProjectConfigurationPlatforms) = postSolution
		{73BB284B-3B28-466E-9A8F-B6A81496CDB5}.Debug|Any CPU.ActiveCfg = Debug|Any CPU
		{73BB284B-3B28-466E-9A8F-B6A81496CDB5}.Debug|Any CPU.Build.0 = Debug|Any CPU
		{73BB284B-3B28-466E-9A8F-B6A81496CDB5}.Release|Any CPU.ActiveCfg = Release|Any CPU
		{73BB284B-3B28-466E-9A8F-B6A81496CDB5}.Release|Any CPU.Build.0 = Release|Any CPU
		{B9545B3A-CC0E-4607-9A07-5AE3DC3ABA23}.Debug|Any CPU.ActiveCfg = Debug|Any CPU
		{B9545B3A-CC0E-4607-9A07-5AE3DC3ABA23}.Debug|Any CPU.Build.0 = Debug|Any CPU
		{B9545B3A-CC0E-4607-9A07-5AE3DC3ABA23}.Release|Any CPU.ActiveCfg = Release|Any CPU
		{B9545B3A-CC0E-4607-9A07-5AE3DC3ABA23}.Release|Any CPU.Build.0 = Release|Any CPU
		{E83D6E8A-25F9-4E97-9B12-B1E27B299469}.Debug|Any CPU.ActiveCfg = Debug|Any CPU
		{E83D6E8A-25F9-4E97-9B12-B1E27B299469}.Debug|Any CPU.Build.0 = Debug|Any CPU
		{E83D6E8A-25F9-4E97-9B12-B1E27B299469}.Release|Any CPU.ActiveCfg = Release|Any CPU
		{E83D6E8A-25F9-4E97-9B12-B1E27B299469}.Release|Any CPU.Build.0 = Release|Any CPU
		{B16508B3-5048-4E36-AF1C-0D8859461CB5}.Debug|Any CPU.ActiveCfg = Debug|Any CPU
		{B16508B3-5048-4E36-AF1C-0D8859461CB5}.Debug|Any CPU.Build.0 = Debug|Any CPU
		{B16508B3-5048-4E36-AF1C-0D8859461CB5}.Release|Any CPU.ActiveCfg = Release|Any CPU
		{B16508B3-5048-4E36-AF1C-0D8859461CB5}.Release|Any CPU.Build.0 = Release|Any CPU
		{75F0666F-8ADD-4F36-BFB8-1A531C81C141}.Debug|Any CPU.ActiveCfg = Debug|Any CPU
		{75F0666F-8ADD-4F36-BFB8-1A531C81C141}.Debug|Any CPU.Build.0 = Debug|Any CPU
		{75F0666F-8ADD-4F36-BFB8-1A531C81C141}.Release|Any CPU.ActiveCfg = Release|Any CPU
		{75F0666F-8ADD-4F36-BFB8-1A531C81C141}.Release|Any CPU.Build.0 = Release|Any CPU
	EndGlobalSection
	GlobalSection(SolutionProperties) = preSolution
		HideSolutionNode = FALSE
	EndGlobalSection
	GlobalSection(ExtensibilityGlobals) = postSolution
		SolutionGuid = {FC5C960C-AC19-4D27-BD8D-5AF9A3B32CA6}
	EndGlobalSection
EndGlobal
